
Microsoft Visual Studio Solution File, Format Version 12.00
# Visual Studio Version 17
VisualStudioVersion = 17.7.34031.279
MinimumVisualStudioVersion = 10.0.40219.1
Project("{FAE04EC0-301F-11D3-BF4B-00C04F79EFBC}") = "Exceptions", "Exceptions\Exceptions.csproj", "{073CA5BC-B8B2-4955-B738-F877D8C76F07}"
EndProject
Project("{9A19103F-16F7-4668-BE54-9A1E7A4F7556}") = "TestApp", "..\..\..\Desktop\TestApp\TestApp.csproj", "{3D911215-F8EF-4924-8541-4A3CF8534BA6}"
EndProject
Project("{9A19103F-16F7-4668-BE54-9A1E7A4F7556}") = "TestApp.UnitTests", "..\..\..\Desktop\TestApp.UnitTests\TestApp.UnitTests.csproj", "{BB262234-E2CF-4718-B34C-14C0FDAA74D9}"
EndProject
Global
	GlobalSection(SolutionConfigurationPlatforms) = preSolution
		Debug|Any CPU = Debug|Any CPU
		Release|Any CPU = Release|Any CPU
	EndGlobalSection
	GlobalSection(ProjectConfigurationPlatforms) = postSolution
		{073CA5BC-B8B2-4955-B738-F877D8C76F07}.Debug|Any CPU.ActiveCfg = Debug|Any CPU
		{073CA5BC-B8B2-4955-B738-F877D8C76F07}.Debug|Any CPU.Build.0 = Debug|Any CPU
		{073CA5BC-B8B2-4955-B738-F877D8C76F07}.Release|Any CPU.ActiveCfg = Release|Any CPU
		{073CA5BC-B8B2-4955-B738-F877D8C76F07}.Release|Any CPU.Build.0 = Release|Any CPU
		{3D911215-F8EF-4924-8541-4A3CF8534BA6}.Debug|Any CPU.ActiveCfg = Debug|Any CPU
		{3D911215-F8EF-4924-8541-4A3CF8534BA6}.Debug|Any CPU.Build.0 = Debug|Any CPU
		{3D911215-F8EF-4924-8541-4A3CF8534BA6}.Release|Any CPU.ActiveCfg = Release|Any CPU
		{3D911215-F8EF-4924-8541-4A3CF8534BA6}.Release|Any CPU.Build.0 = Release|Any CPU
		{BB262234-E2CF-4718-B34C-14C0FDAA74D9}.Debug|Any CPU.ActiveCfg = Debug|Any CPU
		{BB262234-E2CF-4718-B34C-14C0FDAA74D9}.Debug|Any CPU.Build.0 = Debug|Any CPU
		{BB262234-E2CF-4718-B34C-14C0FDAA74D9}.Release|Any CPU.ActiveCfg = Release|Any CPU
		{BB262234-E2CF-4718-B34C-14C0FDAA74D9}.Release|Any CPU.Build.0 = Release|Any CPU
	EndGlobalSection
	GlobalSection(SolutionProperties) = preSolution
		HideSolutionNode = FALSE
	EndGlobalSection
	GlobalSection(ExtensibilityGlobals) = postSolution
		SolutionGuid = {018A7A72-C99D-4424-97B8-1CA93F7A16A3}
	EndGlobalSection
EndGlobal
